
Microsoft Visual Studio Solution File, Format Version 12.00
# Visual Studio Version 17
VisualStudioVersion = 17.1.32421.90
MinimumVisualStudioVersion = 10.0.40219.1
Project("{FAE04EC0-301F-11D3-BF4B-00C04F79EFBC}") = "cwiczenia6_mp-s21461", "cwiczenia6_mp-s21461.csproj", "{83FCF036-1426-4FEF-9923-BAA9AA5B055D}"
EndProject
Global
	GlobalSection(SolutionConfigurationPlatforms) = preSolution
		Debug|Any CPU = Debug|Any CPU
		Release|Any CPU = Release|Any CPU
	EndGlobalSection
	GlobalSection(ProjectConfigurationPlatforms) = postSolution
		{83FCF036-1426-4FEF-9923-BAA9AA5B055D}.Debug|Any CPU.ActiveCfg = Debug|Any CPU
		{83FCF036-1426-4FEF-9923-BAA9AA5B055D}.Debug|Any CPU.Build.0 = Debug|Any CPU
		{83FCF036-1426-4FEF-9923-BAA9AA5B055D}.Release|Any CPU.ActiveCfg = Release|Any CPU
		{83FCF036-1426-4FEF-9923-BAA9AA5B055D}.Release|Any CPU.Build.0 = Release|Any CPU
	EndGlobalSection
	GlobalSection(SolutionProperties) = preSolution
		HideSolutionNode = FALSE
	EndGlobalSection
	GlobalSection(ExtensibilityGlobals) = postSolution
		SolutionGuid = {1FED73C1-A4A3-49C0-BD3C-8AB118FF1C68}
	EndGlobalSection
EndGlobal
